Microsoft Visual Studio Solution File, Format Version 12.00
# Visual Studio Version 17
VisualStudioVersion = 17.5.2.0
MinimumVisualStudioVersion = 10.0.40219.1
Project("{FAE04EC0-301F-11D3-BF4B-00C04F79EFBC}") = "StudentRecordApp", "StudentRecordApp\StudentRecordApp.csproj", "{9EA76CBE-6E87-CA0C-0B69-C96999AF2B9D}"
EndProject
Global
	GlobalSection(SolutionConfigurationPlatforms) = preSolution
		Debug|Any CPU = Debug|Any CPU
		Release|Any CPU = Release|Any CPU
	EndGlobalSection
	GlobalSection(ProjectConfigurationPlatforms) = postSolution
		{9EA76CBE-6E87-CA0C-0B69-C96999AF2B9D}.Debug|Any CPU.ActiveCfg = Debug|Any CPU
		{9EA76CBE-6E87-CA0C-0B69-C96999AF2B9D}.Debug|Any CPU.Build.0 = Debug|Any CPU
		{9EA76CBE-6E87-CA0C-0B69-C96999AF2B9D}.Release|Any CPU.ActiveCfg = Release|Any CPU
		{9EA76CBE-6E87-CA0C-0B69-C96999AF2B9D}.Release|Any CPU.Build.0 = Release|Any CPU
	EndGlobalSection
	GlobalSection(SolutionProperties) = preSolution
		HideSolutionNode = FALSE
	EndGlobalSection
	GlobalSection(ExtensibilityGlobals) = postSolution
		SolutionGuid = {A2112958-09C6-4090-ACC0-381E5B6E1B5E}
	EndGlobalSection
EndGlobal
